github.com/barnex/fmath v0.0.0-20150108074215-ec9671f295c2 h1:FOAZHSIFEhocAOfB7LQcZmCEAra7hneHMBPL8Nq/eDk=
github.com/barnex/fmath v0.0.0-20150108074215-ec9671f295c2/go.mod h1:G7XW+2O6Hk/x6OP8AuwZjI8ZTyXvKDTTKaRK92gapfk=
github.com/galaco/vmf v1.0.0 h1:7HiZS3TzgaBzbArBtN7BLdLW2ycc2t5MuK+9YaCDkns=
github.com/galaco/vmf v1.0.0/go.mod h1:+hpnZQBHJ5xrERgGMr6f/KO0ZkxEkrvjqr3RI9aNHes=
github.com/k0kubun/pp v3.0.1+incompatible h1:3tqvf7QgUnZ5tXO6pNAZlrvHgl6DvifjDrd9g2S9Z40=
github.com/k0kubun/pp v3.0.1+incompatible/go.mod h1:GWse8YhT0p8pT4ir3ZgBbfZild3tgzSScAn6HmfYukg=
github.com/mattn/go-colorable v0.1.8 h1:c1ghPdyEDarC70ftn0y+A/Ee++9zz8ljHG1b13eJ0s8=
github.com/mattn/go-colorable v0.1.8/go.mod h1:u6P/XSegPjTcexA+o6vUJrdnUu04hMope9wVRipJSqc=
github.com/mattn/go-isatty v0.0.12 h1:wuysRhFDzyxgEmMf5xjvJ2M9dZoWAXNNr5LSBS7uHXY=
github.com/mattn/go-isatty v0.0.12/go.mod h1:cbi8OIDigv2wuxKPP5vlRcQ1OAZbq2CE4Kysco4FUpU=
github.com/ungerik/go3d v0.0.0-20200217190927-d82aececefe9 h1:UB8711q6/u7duvOYgQdAk94MBYndjD/aESY1j+kjI2E=
github.com/ungerik/go3d v0.0.0-20200217190927-d82aececefe9/go.mod h1:K+51Zn76DRybk/9H3P4uJot7sq8cF8vaLIrqTApkqVo=
golang.org/x/sys v0.0.0-20200116001909-b77594299b42/go.mod h1:h1NjWce9XRLGQEsW7wpKNCjG9DtNlClVuFLEZdDNbEs=
golang.org/x/sys v0.0.0-20200223170610-d5e6a3e2c0ae h1:/WDfKMnPU+m5M4xB+6x4kaepxRw6jWvR5iDRdvjHgy8=
golang.org/x/sys v0.0.0-20200223170610-d5e6a3e2c0ae/go.mod h1:h1NjWce9XRLGQEsW7wpKNCjG9DtNlClVuFLEZdDNbEs=
